
Microsoft Visual Studio Solution File, Format Version 12.00
# Visual Studio Version 17
VisualStudioVersion = 17.1.32414.318
MinimumVisualStudioVersion = 10.0.40219.1
Project("{FAE04EC0-301F-11D3-BF4B-00C04F79EFBC}") = "ASCII-converter", "ASCII-converter\ASCII-converter.csproj", "{CFAAD846-F935-41D9-B162-93F7EB6FEFC6}"
EndProject
Global
	GlobalSection(SolutionConfigurationPlatforms) = preSolution
		Debug|Any CPU = Debug|Any CPU
		Release|Any CPU = Release|Any CPU
	EndGlobalSection
	GlobalSection(ProjectConfigurationPlatforms) = postSolution
		{CFAAD846-F935-41D9-B162-93F7EB6FEFC6}.Debug|Any CPU.ActiveCfg = Debug|Any CPU
		{CFAAD846-F935-41D9-B162-93F7EB6FEFC6}.Debug|Any CPU.Build.0 = Debug|Any CPU
		{CFAAD846-F935-41D9-B162-93F7EB6FEFC6}.Release|Any CPU.ActiveCfg = Release|Any CPU
		{CFAAD846-F935-41D9-B162-93F7EB6FEFC6}.Release|Any CPU.Build.0 = Release|Any CPU
	EndGlobalSection
	GlobalSection(SolutionProperties) = preSolution
		HideSolutionNode = FALSE
	EndGlobalSection
	GlobalSection(ExtensibilityGlobals) = postSolution
		SolutionGuid = {40708CAC-CB13-41A1-A3B9-308B3C7A8113}
	EndGlobalSection
EndGlobal
